
Microsoft Visual Studio Solution File, Format Version 12.00
# Visual Studio Version 17
VisualStudioVersion = 17.13.35919.96 d17.13
MinimumVisualStudioVersion = 10.0.40219.1
Project("{FAE04EC0-301F-11D3-BF4B-00C04F79EFBC}") = "EmployeeManagement", "EmployeeManagement.csproj", "{79707B6F-E8F0-46D8-9360-506A7336EB76}"
EndProject
Global
	GlobalSection(SolutionConfigurationPlatforms) = preSolution
		Debug|Any CPU = Debug|Any CPU
		Release|Any CPU = Release|Any CPU
	EndGlobalSection
	GlobalSection(ProjectConfigurationPlatforms) = postSolution
		{79707B6F-E8F0-46D8-9360-506A7336EB76}.Debug|Any CPU.ActiveCfg = Debug|Any CPU
		{79707B6F-E8F0-46D8-9360-506A7336EB76}.Debug|Any CPU.Build.0 = Debug|Any CPU
		{79707B6F-E8F0-46D8-9360-506A7336EB76}.Release|Any CPU.ActiveCfg = Release|Any CPU
		{79707B6F-E8F0-46D8-9360-506A7336EB76}.Release|Any CPU.Build.0 = Release|Any CPU
	EndGlobalSection
	GlobalSection(SolutionProperties) = preSolution
		HideSolutionNode = FALSE
	EndGlobalSection
	GlobalSection(ExtensibilityGlobals) = postSolution
		SolutionGuid = {B14786BF-1915-40E1-BDE8-F058354A70DC}
	EndGlobalSection
EndGlobal
